
Microsoft Visual Studio Solution File, Format Version 12.00
# Visual Studio Version 17
VisualStudioVersion = 17.3.32929.385
MinimumVisualStudioVersion = 10.0.40219.1
Project("{FAE04EC0-301F-11D3-BF4B-00C04F79EFBC}") = "6.siniflar", "6.siniflar\6.siniflar.csproj", "{7FD4395B-4462-4215-B220-E2FC8DD535EF}"
EndProject
Global
	GlobalSection(SolutionConfigurationPlatforms) = preSolution
		Debug|Any CPU = Debug|Any CPU
		Release|Any CPU = Release|Any CPU
	EndGlobalSection
	GlobalSection(ProjectConfigurationPlatforms) = postSolution
		{7FD4395B-4462-4215-B220-E2FC8DD535EF}.Debug|Any CPU.ActiveCfg = Debug|Any CPU
		{7FD4395B-4462-4215-B220-E2FC8DD535EF}.Debug|Any CPU.Build.0 = Debug|Any CPU
		{7FD4395B-4462-4215-B220-E2FC8DD535EF}.Release|Any CPU.ActiveCfg = Release|Any CPU
		{7FD4395B-4462-4215-B220-E2FC8DD535EF}.Release|Any CPU.Build.0 = Release|Any CPU
	EndGlobalSection
	GlobalSection(SolutionProperties) = preSolution
		HideSolutionNode = FALSE
	EndGlobalSection
	GlobalSection(ExtensibilityGlobals) = postSolution
		SolutionGuid = {3BC0F538-7891-4752-812A-7D4928A9DC8B}
	EndGlobalSection
EndGlobal
